
Microsoft Visual Studio Solution File, Format Version 12.00
# Visual Studio 15
VisualStudioVersion = 15.0.28307.757
MinimumVisualStudioVersion = 10.0.40219.1
Project("{FAE04EC0-301F-11D3-BF4B-00C04F79EFBC}") = "0604A2Zufallsverteilung", "0604A2Zufallsverteilung\0604A2Zufallsverteilung.csproj", "{2F4CC404-C2C2-4533-ABF7-05242ACCDD4C}"
EndProject
Global
	GlobalSection(SolutionConfigurationPlatforms) = preSolution
		Debug|Any CPU = Debug|Any CPU
		Release|Any CPU = Release|Any CPU
	EndGlobalSection
	GlobalSection(ProjectConfigurationPlatforms) = postSolution
		{2F4CC404-C2C2-4533-ABF7-05242ACCDD4C}.Debug|Any CPU.ActiveCfg = Debug|Any CPU
		{2F4CC404-C2C2-4533-ABF7-05242ACCDD4C}.Debug|Any CPU.Build.0 = Debug|Any CPU
		{2F4CC404-C2C2-4533-ABF7-05242ACCDD4C}.Release|Any CPU.ActiveCfg = Release|Any CPU
		{2F4CC404-C2C2-4533-ABF7-05242ACCDD4C}.Release|Any CPU.Build.0 = Release|Any CPU
	EndGlobalSection
	GlobalSection(SolutionProperties) = preSolution
		HideSolutionNode = FALSE
	EndGlobalSection
	GlobalSection(ExtensibilityGlobals) = postSolution
		SolutionGuid = {20851827-217B-49A3-939E-A42842B13391}
	EndGlobalSection
EndGlobal
